
Microsoft Visual Studio Solution File, Format Version 12.00
# Visual Studio Version 17
VisualStudioVersion = 17.4.33110.190
MinimumVisualStudioVersion = 10.0.40219.1
Project("{FAE04EC0-301F-11D3-BF4B-00C04F79EFBC}") = "ProjectMVCcore", "ProjectMVCcore\ProjectMVCcore.csproj", "{798DFF2D-0D57-4D93-9A29-EBD0FA3D4FCD}"
EndProject
Global
	GlobalSection(SolutionConfigurationPlatforms) = preSolution
		Debug|Any CPU = Debug|Any CPU
		Release|Any CPU = Release|Any CPU
	EndGlobalSection
	GlobalSection(ProjectConfigurationPlatforms) = postSolution
		{798DFF2D-0D57-4D93-9A29-EBD0FA3D4FCD}.Debug|Any CPU.ActiveCfg = Debug|Any CPU
		{798DFF2D-0D57-4D93-9A29-EBD0FA3D4FCD}.Debug|Any CPU.Build.0 = Debug|Any CPU
		{798DFF2D-0D57-4D93-9A29-EBD0FA3D4FCD}.Release|Any CPU.ActiveCfg = Release|Any CPU
		{798DFF2D-0D57-4D93-9A29-EBD0FA3D4FCD}.Release|Any CPU.Build.0 = Release|Any CPU
	EndGlobalSection
	GlobalSection(SolutionProperties) = preSolution
		HideSolutionNode = FALSE
	EndGlobalSection
	GlobalSection(ExtensibilityGlobals) = postSolution
		SolutionGuid = {D54559D5-CD37-4151-B8CB-98C6C23607A4}
	EndGlobalSection
EndGlobal
